// !$*UTF8*$!
{
	archiveVersion = 1;
	classes = {
	};
	objectVersion = 56;
	objects = {

/* Begin PBXBuildFile section */
		678C23B929BB143B007EBE13 /* photo_aleatoireApp.swift in Sources */ = {isa = PBXBuildFile; fileRef = 678C23B829BB143B007EBE13 /* photo_aleatoireApp.swift */; };
		678C23BB29BB143B007EBE13 /* ContentView.swift in Sources */ = {isa = PBXBuildFile; fileRef = 678C23BA29BB143B007EBE13 /* ContentView.swift */; };
		678C23BD29BB143C007EBE13 /* Assets.xcassets in Resources */ = {isa = PBXBuildFile; fileRef = 678C23BC29BB143C007EBE13 /* Assets.xcassets */; };
		678C23C029BB143C007EBE13 /* Preview Assets.xcassets in Resources */ = {isa = PBXBuildFile; fileRef = 678C23BF29BB143C007EBE13 /* Preview Assets.xcassets */; };
		678C23C229BB143C007EBE13 /* Persistence.swift in Sources */ = {isa = PBXBuildFile; fileRef = 678C23C129BB143C007EBE13 /* Persistence.swift */; };
		678C23C529BB143C007EBE13 /* photo_aleatoire.xcdatamodeld in Sources */ = {isa = PBXBuildFile; fileRef = 678C23C329BB143C007EBE13 /* photo_aleatoire.xcdatamodeld */; };
		678C23CF29BB143C007EBE13 /* photo_aleatoireTests.swift in Sources */ = {isa = PBXBuildFile; fileRef = 678C23CE29BB143C007EBE13 /* photo_aleatoireTests.swift */; };
		678C23D929BB143C007EBE13 /* photo_aleatoireUITests.swift in Sources */ = {isa = PBXBuildFile; fileRef = 678C23D829BB143C007EBE13 /* photo_aleatoireUITests.swift */; };
		678C23DB29BB143C007EBE13 /* photo_aleatoireUITestsLaunchTests.swift in Sources */ = {isa = PBXBuildFile; fileRef = 678C23DA29BB143C007EBE13 /* photo_aleatoireUITestsLaunchTests.swift */; };
/* End PBXBuildFile section */

/* Begin PBXContainerItemProxy section */
		678C23CB29BB143C007EBE13 /* PBXContainerItemProxy */ = {
			isa = PBXContainerItemProxy;
			containerPortal = 678C23AD29BB143B007EBE13 /* Project object */;
			proxyType = 1;
			remoteGlobalIDString = 678C23B429BB143B007EBE13;
			remoteInfo = photo_aleatoire;
		};
		678C23D529BB143C007EBE13 /* PBXContainerItemProxy */ = {
			isa = PBXContainerItemProxy;
			containerPortal = 678C23AD29BB143B007EBE13 /* Project object */;
			proxyType = 1;
			remoteGlobalIDString = 678C23B429BB143B007EBE13;
			remoteInfo = photo_aleatoire;
		};
/* End PBXContainerItemProxy section */

/* Begin PBXFileReference section */
		678C23B529BB143B007EBE13 /* photo_aleatoire.app */ = {isa = PBXFileReference; explicitFileType = wrapper.application; includeInIndex = 0; path = photo_aleatoire.app; sourceTree = BUILT_PRODUCTS_DIR; };
		678C23B829BB143B007EBE13 /* photo_aleatoireApp.swift */ = {isa = PBXFileReference; lastKnownFileType = sourcecode.swift; path = photo_aleatoireApp.swift; sourceTree = "<group>"; };
		678C23BA29BB143B007EBE13 /* ContentView.swift */ = {isa = PBXFileReference; lastKnownFileType = sourcecode.swift; path = ContentView.swift; sourceTree = "<group>"; };
		678C23BC29BB143C007EBE13 /* Assets.xcassets */ = {isa = PBXFileReference; lastKnownFileType = folder.assetcatalog; path = Assets.xcassets; sourceTree = "<group>"; };
		678C23BF29BB143C007EBE13 /* Preview Assets.xcassets */ = {isa = PBXFileReference; lastKnownFileType = folder.assetcatalog; path = "Preview Assets.xcassets"; sourceTree = "<group>"; };
		678C23C129BB143C007EBE13 /* Persistence.swift */ = {isa = PBXFileReference; lastKnownFileType = sourcecode.swift; path = Persistence.swift; sourceTree = "<group>"; };
		678C23C429BB143C007EBE13 /* photo_aleatoire.xcdatamodel */ = {isa = PBXFileReference; lastKnownFileType = wrapper.xcdatamodel; path = photo_aleatoire.xcdatamodel; sourceTree = "<group>"; };
		678C23CA29BB143C007EBE13 /* photo_aleatoireTests.xctest */ = {isa = PBXFileReference; explicitFileType = wrapper.cfbundle; includeInIndex = 0; path = photo_aleatoireTests.xctest; sourceTree = BUILT_PRODUCTS_DIR; };
		678C23CE29BB143C007EBE13 /* photo_aleatoireTests.swift */ = {isa = PBXFileReference; lastKnownFileType = sourcecode.swift; path = photo_aleatoireTests.swift; sourceTree = "<group>"; };
		678C23D429BB143C007EBE13 /* photo_aleatoireUITests.xctest */ = {isa = PBXFileReference; explicitFileType = wrapper.cfbundle; includeInIndex = 0; path = photo_aleatoireUITests.xctest; sourceTree = BUILT_PRODUCTS_DIR; };
		678C23D829BB143C007EBE13 /* photo_aleatoireUITests.swift */ = {isa = PBXFileReference; lastKnownFileType = sourcecode.swift; path = photo_aleatoireUITests.swift; sourceTree = "<group>"; };
		678C23DA29BB143C007EBE13 /* photo_aleatoireUITestsLaunchTests.swift */ = {isa = PBXFileReference; lastKnownFileType = sourcecode.swift; path = photo_aleatoireUITestsLaunchTests.swift; sourceTree = "<group>"; };
/* End PBXFileReference section */

/* Begin PBXFrameworksBuildPhase section */
		678C23B229BB143B007EBE13 /* Frameworks */ = {
			isa = PBXFrameworksBuildPhase;
			buildActionMask = 2147483647;
			files = (
			);
			runOnlyForDeploymentPostprocessing = 0;
		};
		678C23C729BB143C007EBE13 /* Frameworks */ = {
			isa = PBXFrameworksBuildPhase;
			buildActionMask = 2147483647;
			files = (
			);
			runOnlyForDeploymentPostprocessing = 0;
		};
		678C23D129BB143C007EBE13 /* Frameworks */ = {
			isa = PBXFrameworksBuildPhase;
			buildActionMask = 2147483647;
			files = (
			);
			runOnlyForDeploymentPostprocessing = 0;
		};
/* End PBXFrameworksBuildPhase section */

/* Begin PBXGroup section */
		678C23AC29BB143B007EBE13 = {
			isa = PBXGroup;
			children = (
				678C23B729BB143B007EBE13 /* photo_aleatoire */,
				678C23CD29BB143C007EBE13 /* photo_aleatoireTests */,
				678C23D729BB143C007EBE13 /* photo_aleatoireUITests */,
				678C23B629BB143B007EBE13 /* Products */,
			);
			sourceTree = "<group>";
		};
		678C23B629BB143B007EBE13 /* Products */ = {
			isa = PBXGroup;
			children = (
				678C23B529BB143B007EBE13 /* photo_aleatoire.app */,
				678C23CA29BB143C007EBE13 /* photo_aleatoireTests.xctest */,
				678C23D429BB143C007EBE13 /* photo_aleatoireUITests.xctest */,
			);
			name = Products;
			sourceTree = "<group>";
		};
		678C23B729BB143B007EBE13 /* photo_aleatoire */ = {
			isa = PBXGroup;
			children = (
				678C23B829BB143B007EBE13 /* photo_aleatoireApp.swift */,
				678C23BA29BB143B007EBE13 /* ContentView.swift */,
				678C23BC29BB143C007EBE13 /* Assets.xcassets */,
				678C23C129BB143C007EBE13 /* Persistence.swift */,
				678C23C329BB143C007EBE13 /* photo_aleatoire.xcdatamodeld */,
				678C23BE29BB143C007EBE13 /* Preview Content */,
			);
			path = photo_aleatoire;
			sourceTree = "<group>";
		};
		678C23BE29BB143C007EBE13 /* Preview Content */ = {
			isa = PBXGroup;
			children = (
				678C23BF29BB143C007EBE13 /* Preview Assets.xcassets */,
			);
			path = "Preview Content";
			sourceTree = "<group>";
		};
		678C23CD29BB143C007EBE13 /* photo_aleatoireTests */ = {
			isa = PBXGroup;
			children = (
				678C23CE29BB143C007EBE13 /* photo_aleatoireTests.swift */,
			);
			path = photo_aleatoireTests;
			sourceTree = "<group>";
		};
		678C23D729BB143C007EBE13 /* photo_aleatoireUITests */ = {
			isa = PBXGroup;
			children = (
				678C23D829BB143C007EBE13 /* photo_aleatoireUITests.swift */,
				678C23DA29BB143C007EBE13 /* photo_aleatoireUITestsLaunchTests.swift */,
			);
			path = photo_aleatoireUITests;
			sourceTree = "<group>";
		};
/* End PBXGroup section */

/* Begin PBXNativeTarget section */
		678C23B429BB143B007EBE13 /* photo_aleatoire */ = {
			isa = PBXNativeTarget;
			buildConfigurationList = 678C23DE29BB143C007EBE13 /* Build configuration list for PBXNativeTarget "photo_aleatoire" */;
			buildPhases = (
				678C23B129BB143B007EBE13 /* Sources */,
				678C23B229BB143B007EBE13 /* Frameworks */,
				678C23B329BB143B007EBE13 /* Resources */,
			);
			buildRules = (
			);
			dependencies = (
			);
			name = photo_aleatoire;
			productName = photo_aleatoire;
			productReference = 678C23B529BB143B007EBE13 /* photo_aleatoire.app */;
			productType = "com.apple.product-type.application";
		};
		678C23C929BB143C007EBE13 /* photo_aleatoireTests */ = {
			isa = PBXNativeTarget;
			buildConfigurationList = 678C23E129BB143C007EBE13 /* Build configuration list for PBXNativeTarget "photo_aleatoireTests" */;
			buildPhases = (
				678C23C629BB143C007EBE13 /* Sources */,
				678C23C729BB143C007EBE13 /* Frameworks */,
				678C23C829BB143C007EBE13 /* Resources */,
			);
			buildRules = (
			);
			dependencies = (
				678C23CC29BB143C007EBE13 /* PBXTargetDependency */,
			);
			name = photo_aleatoireTests;
			productName = photo_aleatoireTests;
			productReference = 678C23CA29BB143C007EBE13 /* photo_aleatoireTests.xctest */;
			productType = "com.apple.product-type.bundle.unit-test";
		};
		678C23D329BB143C007EBE13 /* photo_aleatoireUITests */ = {
			isa = PBXNativeTarget;
			buildConfigurationList = 678C23E429BB143C007EBE13 /* Build configuration list for PBXNativeTarget "photo_aleatoireUITests" */;
			buildPhases = (
				678C23D029BB143C007EBE13 /* Sources */,
				678C23D129BB143C007EBE13 /* Frameworks */,
				678C23D229BB143C007EBE13 /* Resources */,
			);
			buildRules = (
			);
			dependencies = (
				678C23D629BB143C007EBE13 /* PBXTargetDependency */,
			);
			name = photo_aleatoireUITests;
			productName = photo_aleatoireUITests;
			productReference = 678C23D429BB143C007EBE13 /* photo_aleatoireUITests.xctest */;
			productType = "com.apple.product-type.bundle.ui-testing";
		};
/* End PBXNativeTarget section */

/* Begin PBXProject section */
		678C23AD29BB143B007EBE13 /* Project object */ = {
			isa = PBXProject;
			attributes = {
				BuildIndependentTargetsInParallel = 1;
				LastSwiftUpdateCheck = 1420;
				LastUpgradeCheck = 1420;
				TargetAttributes = {
					678C23B429BB143B007EBE13 = {
						CreatedOnToolsVersion = 14.2;
					};
					678C23C929BB143C007EBE13 = {
						CreatedOnToolsVersion = 14.2;
						TestTargetID = 678C23B429BB143B007EBE13;
					};
					678C23D329BB143C007EBE13 = {
						CreatedOnToolsVersion = 14.2;
						TestTargetID = 678C23B429BB143B007EBE13;
					};
				};
			};
			buildConfigurationList = 678C23B029BB143B007EBE13 /* Build configuration list for PBXProject "photo_aleatoire" */;
			compatibilityVersion = "Xcode 14.0";
			developmentRegion = en;
			hasScannedForEncodings = 0;
			knownRegions = (
				en,
				Base,
			);
			mainGroup = 678C23AC29BB143B007EBE13;
			productRefGroup = 678C23B629BB143B007EBE13 /* Products */;
			projectDirPath = "";
			projectRoot = "";
			targets = (
				678C23B429BB143B007EBE13 /* photo_aleatoire */,
				678C23C929BB143C007EBE13 /* photo_aleatoireTests */,
				678C23D329BB143C007EBE13 /* photo_aleatoireUITests */,
			);
		};
/* End PBXProject section */

/* Begin PBXResourcesBuildPhase section */
		678C23B329BB143B007EBE13 /* Resources */ = {
			isa = PBXResourcesBuildPhase;
			buildActionMask = 2147483647;
			files = (
				678C23C029BB143C007EBE13 /* Preview Assets.xcassets in Resources */,
				678C23BD29BB143C007EBE13 /* Assets.xcassets in Resources */,
			);
			runOnlyForDeploymentPostprocessing = 0;
		};
		678C23C829BB143C007EBE13 /* Resources */ = {
			isa = PBXResourcesBuildPhase;
			buildActionMask = 2147483647;
			files = (
			);
			runOnlyForDeploymentPostprocessing = 0;
		};
		678C23D229BB143C007EBE13 /* Resources */ = {
			isa = PBXResourcesBuildPhase;
			buildActionMask = 2147483647;
			files = (
			);
			runOnlyForDeploymentPostprocessing = 0;
		};
/* End PBXResourcesBuildPhase section */

/* Begin PBXSourcesBuildPhase section */
		678C23B129BB143B007EBE13 /* Sources */ = {
			isa = PBXSourcesBuildPhase;
			buildActionMask = 2147483647;
			files = (
				678C23C229BB143C007EBE13 /* Persistence.swift in Sources */,
				678C23BB29BB143B007EBE13 /* ContentView.swift in Sources */,
				678C23B929BB143B007EBE13 /* photo_aleatoireApp.swift in Sources */,
				678C23C529BB143C007EBE13 /* photo_aleatoire.xcdatamodeld in Sources */,
			);
			runOnlyForDeploymentPostprocessing = 0;
		};
		678C23C629BB143C007EBE13 /* Sources */ = {
			isa = PBXSourcesBuildPhase;
			buildActionMask = 2147483647;
			files = (
				678C23CF29BB143C007EBE13 /* photo_aleatoireTests.swift in Sources */,
			);
			runOnlyForDeploymentPostprocessing = 0;
		};
		678C23D029BB143C007EBE13 /* Sources */ = {
			isa = PBXSourcesBuildPhase;
			buildActionMask = 2147483647;
			files = (
				678C23DB29BB143C007EBE13 /* photo_aleatoireUITestsLaunchTests.swift in Sources */,
				678C23D929BB143C007EBE13 /* photo_aleatoireUITests.swift in Sources */,
			);
			runOnlyForDeploymentPostprocessing = 0;
		};
/* End PBXSourcesBuildPhase section */

/* Begin PBXTargetDependency section */
		678C23CC29BB143C007EBE13 /* PBXTargetDependency */ = {
			isa = PBXTargetDependency;
			target = 678C23B429BB143B007EBE13 /* photo_aleatoire */;
			targetProxy = 678C23CB29BB143C007EBE13 /* PBXContainerItemProxy */;
		};
		678C23D629BB143C007EBE13 /* PBXTargetDependency */ = {
			isa = PBXTargetDependency;
			target = 678C23B429BB143B007EBE13 /* photo_aleatoire */;
			targetProxy = 678C23D529BB143C007EBE13 /* PBXContainerItemProxy */;
		};
/* End PBXTargetDependency section */

/* Begin XCBuildConfiguration section */
		678C23DC29BB143C007EBE13 /* Debug */ = {
			isa = XCBuildConfiguration;
			buildSettings = {
				ALWAYS_SEARCH_USER_PATHS = NO;
				CLANG_ANALYZER_NONNULL = YES;
				CLANG_ANALYZER_NUMBER_OBJECT_CONVERSION = YES_AGGRESSIVE;
				CLANG_CXX_LANGUAGE_STANDARD = "gnu++20";
				CLANG_ENABLE_MODULES = YES;
				CLANG_ENABLE_OBJC_ARC = YES;
				CLANG_ENABLE_OBJC_WEAK = YES;
				CLANG_WARN_BLOCK_CAPTURE_AUTORELEASING = YES;
				CLANG_WARN_BOOL_CONVERSION = YES;
				CLANG_WARN_COMMA = YES;
				CLANG_WARN_CONSTANT_CONVERSION = YES;
				CLANG_WARN_DEPRECATED_OBJC_IMPLEMENTATIONS = YES;
				CLANG_WARN_DIRECT_OBJC_ISA_USAGE = YES_ERROR;
				CLANG_WARN_DOCUMENTATION_COMMENTS = YES;
				CLANG_WARN_EMPTY_BODY = YES;
				CLANG_WARN_ENUM_CONVERSION = YES;
				CLANG_WARN_INFINITE_RECURSION = YES;
				CLANG_WARN_INT_CONVERSION = YES;
				CLANG_WARN_NON_LITERAL_NULL_CONVERSION = YES;
				CLANG_WARN_OBJC_IMPLICIT_RETAIN_SELF = YES;
				CLANG_WARN_OBJC_LITERAL_CONVERSION = YES;
				CLANG_WARN_OBJC_ROOT_CLASS = YES_ERROR;
				CLANG_WARN_QUOTED_INCLUDE_IN_FRAMEWORK_HEADER = YES;
				CLANG_WARN_RANGE_LOOP_ANALYSIS = YES;
				CLANG_WARN_STRICT_PROTOTYPES = YES;
				CLANG_WARN_SUSPICIOUS_MOVE = YES;
				CLANG_WARN_UNGUARDED_AVAILABILITY = YES_AGGRESSIVE;
				CLANG_WARN_UNREACHABLE_CODE = YES;
				CLANG_WARN__DUPLICATE_METHOD_MATCH = YES;
				COPY_PHASE_STRIP = NO;
				DEBUG_INFORMATION_FORMAT = dwarf;
				ENABLE_STRICT_OBJC_MSGSEND = YES;
				ENABLE_TESTABILITY = YES;
				GCC_C_LANGUAGE_STANDARD = gnu11;
				GCC_DYNAMIC_NO_PIC = NO;
				GCC_NO_COMMON_BLOCKS = YES;
				GCC_OPTIMIZATION_LEVEL = 0;
				GCC_PREPROCESSOR_DEFINITIONS = (
					"DEBUG=1",
					"$(inherited)",
				);
				GCC_WARN_64_TO_32_BIT_CONVERSION = YES;
				GCC_WARN_ABOUT_RETURN_TYPE = YES_ERROR;
				GCC_WARN_UNDECLARED_SELECTOR = YES;
				GCC_WARN_UNINITIALIZED_AUTOS = YES_AGGRESSIVE;
				GCC_WARN_UNUSED_FUNCTION = YES;
				GCC_WARN_UNUSED_VARIABLE = YES;
				IPHONEOS_DEPLOYMENT_TARGET = 16.2;
				MTL_ENABLE_DEBUG_INFO = INCLUDE_SOURCE;
				MTL_FAST_MATH = YES;
				ONLY_ACTIVE_ARCH = YES;
				SDKROOT = iphoneos;
				SWIFT_ACTIVE_COMPILATION_CONDITIONS = DEBUG;
				SWIFT_OPTIMIZATION_LEVEL = "-Onone";
			};
			name = Debug;
		};
		678C23DD29BB143C007EBE13 /* Release */ = {
			isa = XCBuildConfiguration;
			buildSettings = {
				ALWAYS_SEARCH_USER_PATHS = NO;
				CLANG_ANALYZER_NONNULL = YES;
				CLANG_ANALYZER_NUMBER_OBJECT_CONVERSION = YES_AGGRESSIVE;
				CLANG_CXX_LANGUAGE_STANDARD = "gnu++20";
				CLANG_ENABLE_MODULES = YES;
				CLANG_ENABLE_OBJC_ARC = YES;
				CLANG_ENABLE_OBJC_WEAK = YES;
				CLANG_WARN_BLOCK_CAPTURE_AUTORELEASING = YES;
				CLANG_WARN_BOOL_CONVERSION = YES;
				CLANG_WARN_COMMA = YES;
				CLANG_WARN_CONSTANT_CONVERSION = YES;
				CLANG_WARN_DEPRECATED_OBJC_IMPLEMENTATIONS = YES;
				CLANG_WARN_DIRECT_OBJC_ISA_USAGE = YES_ERROR;
				CLANG_WARN_DOCUMENTATION_COMMENTS = YES;
				CLANG_WARN_EMPTY_BODY = YES;
				CLANG_WARN_ENUM_CONVERSION = YES;
				CLANG_WARN_INFINITE_RECURSION = YES;
				CLANG_WARN_INT_CONVERSION = YES;
				CLANG_WARN_NON_LITERAL_NULL_CONVERSION = YES;
				CLANG_WARN_OBJC_IMPLICIT_RETAIN_SELF = YES;
				CLANG_WARN_OBJC_LITERAL_CONVERSION = YES;
				CLANG_WARN_OBJC_ROOT_CLASS = YES_ERROR;
				CLANG_WARN_QUOTED_INCLUDE_IN_FRAMEWORK_HEADER = YES;
				CLANG_WARN_RANGE_LOOP_ANALYSIS = YES;
				CLANG_WARN_STRICT_PROTOTYPES = YES;
				CLANG_WARN_SUSPICIOUS_MOVE = YES;
				CLANG_WARN_UNGUARDED_AVAILABILITY = YES_AGGRESSIVE;
				CLANG_WARN_UNREACHABLE_CODE = YES;
				CLANG_WARN__DUPLICATE_METHOD_MATCH = YES;
				COPY_PHASE_STRIP = NO;
				DEBUG_INFORMATION_FORMAT = "dwarf-with-dsym";
				ENABLE_NS_ASSERTIONS = NO;
				ENABLE_STRICT_OBJC_MSGSEND = YES;
				GCC_C_LANGUAGE_STANDARD = gnu11;
				GCC_NO_COMMON_BLOCKS = YES;
				GCC_WARN_64_TO_32_BIT_CONVERSION = YES;
				GCC_WARN_ABOUT_RETURN_TYPE = YES_ERROR;
				GCC_WARN_UNDECLARED_SELECTOR = YES;
				GCC_WARN_UNINITIALIZED_AUTOS = YES_AGGRESSIVE;
				GCC_WARN_UNUSED_FUNCTION = YES;
				GCC_WARN_UNUSED_VARIABLE = YES;
				IPHONEOS_DEPLOYMENT_TARGET = 16.2;
				MTL_ENABLE_DEBUG_INFO = NO;
				MTL_FAST_MATH = YES;
				SDKROOT = iphoneos;
				SWIFT_COMPILATION_MODE = wholemodule;
				SWIFT_OPTIMIZATION_LEVEL = "-O";
				VALIDATE_PRODUCT = YES;
			};
			name = Release;
		};
		678C23DF29BB143C007EBE13 /* Debug */ = {
			isa = XCBuildConfiguration;
			buildSettings = {
				ASSETCATALOG_COMPILER_APPICON_NAME = AppIcon;
				ASSETCATALOG_COMPILER_GLOBAL_ACCENT_COLOR_NAME = AccentColor;
				CODE_SIGN_STYLE = Automatic;
				CURRENT_PROJECT_VERSION = 1;
				DEVELOPMENT_ASSET_PATHS = "\"photo_aleatoire/Preview Content\"";
				ENABLE_PREVIEWS = YES;
				GENERATE_INFOPLIST_FILE = YES;
				INFOPLIST_KEY_UIApplicationSceneManifest_Generation = YES;
				INFOPLIST_KEY_UIApplicationSupportsIndirectInputEvents = YES;
				INFOPLIST_KEY_UILaunchScreen_Generation = YES;
				INFOPLIST_KEY_UISupportedInterfaceOrientations_iPad = "UIInterfaceOrientationPortrait UIInterfaceOrientationPortraitUpsideDown UIInterfaceOrientationLandscapeLeft UIInterfaceOrientationLandscapeRight";
				INFOPLIST_KEY_UISupportedInterfaceOrientations_iPhone = "UIInterfaceOrientationPortrait UIInterfaceOrientationLandscapeLeft UIInterfaceOrientationLandscapeRight";
				LD_RUNPATH_SEARCH_PATHS = (
					"$(inherited)",
					"@executable_path/Frameworks",
				);
				MARKETING_VERSION = 1.0;
				PRODUCT_BUNDLE_IDENTIFIER = "io.celianlaumond.photo-aleatoire";
				PRODUCT_NAME = "$(TARGET_NAME)";
				SWIFT_EMIT_LOC_STRINGS = YES;
				SWIFT_VERSION = 5.0;
				TARGETED_DEVICE_FAMILY = "1,2";
			};
			name = Debug;
		};
		678C23E029BB143C007EBE13 /* Release */ = {
			isa = XCBuildConfiguration;
			buildSettings = {
				ASSETCATALOG_COMPILER_APPICON_NAME = AppIcon;
				ASSETCATALOG_COMPILER_GLOBAL_ACCENT_COLOR_NAME = AccentColor;
				CODE_SIGN_STYLE = Automatic;
				CURRENT_PROJECT_VERSION = 1;
				DEVELOPMENT_ASSET_PATHS = "\"photo_aleatoire/Preview Content\"";
				ENABLE_PREVIEWS = YES;
				GENERATE_INFOPLIST_FILE = YES;
				INFOPLIST_KEY_UIApplicationSceneManifest_Generation = YES;
				INFOPLIST_KEY_UIApplicationSupportsIndirectInputEvents = YES;
				INFOPLIST_KEY_UILaunchScreen_Generation = YES;
				INFOPLIST_KEY_UISupportedInterfaceOrientations_iPad = "UIInterfaceOrientationPortrait UIInterfaceOrientationPortraitUpsideDown UIInterfaceOrientationLandscapeLeft UIInterfaceOrientationLandscapeRight";
				INFOPLIST_KEY_UISupportedInterfaceOrientations_iPhone = "UIInterfaceOrientationPortrait UIInterfaceOrientationLandscapeLeft UIInterfaceOrientationLandscapeRight";
				LD_RUNPATH_SEARCH_PATHS = (
					"$(inherited)",
					"@executable_path/Frameworks",
				);
				MARKETING_VERSION = 1.0;
				PRODUCT_BUNDLE_IDENTIFIER = "io.celianlaumond.photo-aleatoire";
				PRODUCT_NAME = "$(TARGET_NAME)";
				SWIFT_EMIT_LOC_STRINGS = YES;
				SWIFT_VERSION = 5.0;
				TARGETED_DEVICE_FAMILY = "1,2";
			};
			name = Release;
		};
		678C23E229BB143C007EBE13 /* Debug */ = {
			isa = XCBuildConfiguration;
			buildSettings = {
				ALWAYS_EMBED_SWIFT_STANDARD_LIBRARIES = YES;
				BUNDLE_LOADER = "$(TEST_HOST)";
				CODE_SIGN_STYLE = Automatic;
				CURRENT_PROJECT_VERSION = 1;
				GENERATE_INFOPLIST_FILE = YES;
				IPHONEOS_DEPLOYMENT_TARGET = 16.2;
				MARKETING_VERSION = 1.0;
				PRODUCT_BUNDLE_IDENTIFIER = "io.celianlaumond.photo-aleatoireTests";
				PRODUCT_NAME = "$(TARGET_NAME)";
				SWIFT_EMIT_LOC_STRINGS = NO;
				SWIFT_VERSION = 5.0;
				TARGETED_DEVICE_FAMILY = "1,2";
				TEST_HOST = "$(BUILT_PRODUCTS_DIR)/photo_aleatoire.app/$(BUNDLE_EXECUTABLE_FOLDER_PATH)/photo_aleatoire";
			};
			name = Debug;
		};
		678C23E329BB143C007EBE13 /* Release */ = {
			isa = XCBuildConfiguration;
			buildSettings = {
				ALWAYS_EMBED_SWIFT_STANDARD_LIBRARIES = YES;
				BUNDLE_LOADER = "$(TEST_HOST)";
				CODE_SIGN_STYLE = Automatic;
				CURRENT_PROJECT_VERSION = 1;
				GENERATE_INFOPLIST_FILE = YES;
				IPHONEOS_DEPLOYMENT_TARGET = 16.2;
				MARKETING_VERSION = 1.0;
				PRODUCT_BUNDLE_IDENTIFIER = "io.celianlaumond.photo-aleatoireTests";
				PRODUCT_NAME = "$(TARGET_NAME)";
				SWIFT_EMIT_LOC_STRINGS = NO;
				SWIFT_VERSION = 5.0;
				TARGETED_DEVICE_FAMILY = "1,2";
				TEST_HOST = "$(BUILT_PRODUCTS_DIR)/photo_aleatoire.app/$(BUNDLE_EXECUTABLE_FOLDER_PATH)/photo_aleatoire";
			};
			name = Release;
		};
		678C23E529BB143C007EBE13 /* Debug */ = {
			isa = XCBuildConfiguration;
			buildSettings = {
				ALWAYS_EMBED_SWIFT_STANDARD_LIBRARIES = YES;
				CODE_SIGN_STYLE = Automatic;
				CURRENT_PROJECT_VERSION = 1;
				GENERATE_INFOPLIST_FILE = YES;
				MARKETING_VERSION = 1.0;
				PRODUCT_BUNDLE_IDENTIFIER = "io.celianlaumond.photo-aleatoireUITests";
				PRODUCT_NAME = "$(TARGET_NAME)";
				SWIFT_EMIT_LOC_STRINGS = NO;
				SWIFT_VERSION = 5.0;
				TARGETED_DEVICE_FAMILY = "1,2";
				TEST_TARGET_NAME = photo_aleatoire;
			};
			name = Debug;
		};
		678C23E629BB143C007EBE13 /* Release */ = {
			isa = XCBuildConfiguration;
			buildSettings = {
				ALWAYS_EMBED_SWIFT_STANDARD_LIBRARIES = YES;
				CODE_SIGN_STYLE = Automatic;
				CURRENT_PROJECT_VERSION = 1;
				GENERATE_INFOPLIST_FILE = YES;
				MARKETING_VERSION = 1.0;
				PRODUCT_BUNDLE_IDENTIFIER = "io.celianlaumond.photo-aleatoireUITests";
				PRODUCT_NAME = "$(TARGET_NAME)";
				SWIFT_EMIT_LOC_STRINGS = NO;
				SWIFT_VERSION = 5.0;
				TARGETED_DEVICE_FAMILY = "1,2";
				TEST_TARGET_NAME = photo_aleatoire;
			};
			name = Release;
		};
/* End XCBuildConfiguration section */

/* Begin XCConfigurationList section */
		678C23B029BB143B007EBE13 /* Build configuration list for PBXProject "photo_aleatoire" */ = {
			isa = XCConfigurationList;
			buildConfigurations = (
				678C23DC29BB143C007EBE13 /* Debug */,
				678C23DD29BB143C007EBE13 /* Release */,
			);
			defaultConfigurationIsVisible = 0;
			defaultConfigurationName = Release;
		};
		678C23DE29BB143C007EBE13 /* Build configuration list for PBXNativeTarget "photo_aleatoire" */ = {
			isa = XCConfigurationList;
			buildConfigurations = (
				678C23DF29BB143C007EBE13 /* Debug */,
				678C23E029BB143C007EBE13 /* Release */,
			);
			defaultConfigurationIsVisible = 0;
			defaultConfigurationName = Release;
		};
		678C23E129BB143C007EBE13 /* Build configuration list for PBXNativeTarget "photo_aleatoireTests" */ = {
			isa = XCConfigurationList;
			buildConfigurations = (
				678C23E229BB143C007EBE13 /* Debug */,
				678C23E329BB143C007EBE13 /* Release */,
			);
			defaultConfigurationIsVisible = 0;
			defaultConfigurationName = Release;
		};
		678C23E429BB143C007EBE13 /* Build configuration list for PBXNativeTarget "photo_aleatoireUITests" */ = {
			isa = XCConfigurationList;
			buildConfigurations = (
				678C23E529BB143C007EBE13 /* Debug */,
				678C23E629BB143C007EBE13 /* Release */,
			);
			defaultConfigurationIsVisible = 0;
			defaultConfigurationName = Release;
		};
/* End XCConfigurationList section */

/* Begin XCVersionGroup section */
		678C23C329BB143C007EBE13 /* photo_aleatoire.xcdatamodeld */ = {
			isa = XCVersionGroup;
			children = (
				678C23C429BB143C007EBE13 /* photo_aleatoire.xcdatamodel */,
			);
			currentVersion = 678C23C429BB143C007EBE13 /* photo_aleatoire.xcdatamodel */;
			path = photo_aleatoire.xcdatamodeld;
			sourceTree = "<group>";
			versionGroupType = wrapper.xcdatamodel;
		};
/* End XCVersionGroup section */
	};
	rootObject = 678C23AD29BB143B007EBE13 /* Project object */;
}
